
Microsoft Visual Studio Solution File, Format Version 12.00
# Visual Studio Version 16
VisualStudioVersion = 16.0.33927.289
MinimumVisualStudioVersion = 10.0.40219.1
Project("{FAE04EC0-301F-11D3-BF4B-00C04F79EFBC}") = "JocEducativ", "JocEducativ\JocEducativ.csproj", "{27E37C2E-D797-409C-AE4A-5B163F3FE966}"
EndProject
Global
	GlobalSection(SolutionConfigurationPlatforms) = preSolution
		Debug|Any CPU = Debug|Any CPU
		Release|Any CPU = Release|Any CPU
	EndGlobalSection
	GlobalSection(ProjectConfigurationPlatforms) = postSolution
		{27E37C2E-D797-409C-AE4A-5B163F3FE966}.Debug|Any CPU.ActiveCfg = Debug|Any CPU
		{27E37C2E-D797-409C-AE4A-5B163F3FE966}.Debug|Any CPU.Build.0 = Debug|Any CPU
		{27E37C2E-D797-409C-AE4A-5B163F3FE966}.Release|Any CPU.ActiveCfg = Release|Any CPU
		{27E37C2E-D797-409C-AE4A-5B163F3FE966}.Release|Any CPU.Build.0 = Release|Any CPU
	EndGlobalSection
	GlobalSection(SolutionProperties) = preSolution
		HideSolutionNode = FALSE
	EndGlobalSection
	GlobalSection(ExtensibilityGlobals) = postSolution
		SolutionGuid = {E7E111C1-0413-4DF5-A8FB-C277DACE0CD4}
	EndGlobalSection
EndGlobal
